
Microsoft Visual Studio Solution File, Format Version 12.00
# Visual Studio Version 16
VisualStudioVersion = 16.0.31129.286
MinimumVisualStudioVersion = 10.0.40219.1
Project("{FAE04EC0-301F-11D3-BF4B-00C04F79EFBC}") = "Ayo.ConveterApp.Api", "Ayo.ConveterApp.Api\Ayo.ConveterApp.Api.csproj", "{75DB4884-C28B-4DA5-838F-90540266F733}"
EndProject
Project("{FAE04EC0-301F-11D3-BF4B-00C04F79EFBC}") = "Ayo.ConverterApp.Core", "Ayo.ConverterApp.Core\Ayo.ConverterApp.Core.csproj", "{745CBBD5-03F0-453D-AAE1-FEBB21A1DDE2}"
EndProject
Project("{FAE04EC0-301F-11D3-BF4B-00C04F79EFBC}") = "Ayo.ConverterApp.Services", "Ayo.ConverterApp.Services\Ayo.ConverterApp.Services.csproj", "{B543CD73-2B16-42A5-AC8F-33A4F492F0C5}"
EndProject
Project("{FAE04EC0-301F-11D3-BF4B-00C04F79EFBC}") = "Ayo.ConverterApp.Data", "Ayo.ConverterApp.Data\Ayo.ConverterApp.Data.csproj", "{DC58A9F3-D712-427B-84C2-933E85FF98C4}"
EndProject
Project("{FAE04EC0-301F-11D3-BF4B-00C04F79EFBC}") = "Ayo.ConverterApp.RulesEngine", "Ayo.ConverterApp.RulesEngine\Ayo.ConverterApp.RulesEngine.csproj", "{9974EB8E-7AFE-4394-AAB1-77F447FB5015}"
EndProject
Global
	GlobalSection(SolutionConfigurationPlatforms) = preSolution
		Debug|Any CPU = Debug|Any CPU
		Release|Any CPU = Release|Any CPU
	EndGlobalSection
	GlobalSection(ProjectConfigurationPlatforms) = postSolution
		{75DB4884-C28B-4DA5-838F-90540266F733}.Debug|Any CPU.ActiveCfg = Debug|Any CPU
		{75DB4884-C28B-4DA5-838F-90540266F733}.Debug|Any CPU.Build.0 = Debug|Any CPU
		{75DB4884-C28B-4DA5-838F-90540266F733}.Release|Any CPU.ActiveCfg = Release|Any CPU
		{75DB4884-C28B-4DA5-838F-90540266F733}.Release|Any CPU.Build.0 = Release|Any CPU
		{745CBBD5-03F0-453D-AAE1-FEBB21A1DDE2}.Debug|Any CPU.ActiveCfg = Debug|Any CPU
		{745CBBD5-03F0-453D-AAE1-FEBB21A1DDE2}.Debug|Any CPU.Build.0 = Debug|Any CPU
		{745CBBD5-03F0-453D-AAE1-FEBB21A1DDE2}.Release|Any CPU.ActiveCfg = Release|Any CPU
		{745CBBD5-03F0-453D-AAE1-FEBB21A1DDE2}.Release|Any CPU.Build.0 = Release|Any CPU
		{B543CD73-2B16-42A5-AC8F-33A4F492F0C5}.Debug|Any CPU.ActiveCfg = Debug|Any CPU
		{B543CD73-2B16-42A5-AC8F-33A4F492F0C5}.Debug|Any CPU.Build.0 = Debug|Any CPU
		{B543CD73-2B16-42A5-AC8F-33A4F492F0C5}.Release|Any CPU.ActiveCfg = Release|Any CPU
		{B543CD73-2B16-42A5-AC8F-33A4F492F0C5}.Release|Any CPU.Build.0 = Release|Any CPU
		{DC58A9F3-D712-427B-84C2-933E85FF98C4}.Debug|Any CPU.ActiveCfg = Debug|Any CPU
		{DC58A9F3-D712-427B-84C2-933E85FF98C4}.Debug|Any CPU.Build.0 = Debug|Any CPU
		{DC58A9F3-D712-427B-84C2-933E85FF98C4}.Release|Any CPU.ActiveCfg = Release|Any CPU
		{DC58A9F3-D712-427B-84C2-933E85FF98C4}.Release|Any CPU.Build.0 = Release|Any CPU
		{9974EB8E-7AFE-4394-AAB1-77F447FB5015}.Debug|Any CPU.ActiveCfg = Debug|Any CPU
		{9974EB8E-7AFE-4394-AAB1-77F447FB5015}.Debug|Any CPU.Build.0 = Debug|Any CPU
		{9974EB8E-7AFE-4394-AAB1-77F447FB5015}.Release|Any CPU.ActiveCfg = Release|Any CPU
		{9974EB8E-7AFE-4394-AAB1-77F447FB5015}.Release|Any CPU.Build.0 = Release|Any CPU
	EndGlobalSection
	GlobalSection(SolutionProperties) = preSolution
		HideSolutionNode = FALSE
	EndGlobalSection
	GlobalSection(ExtensibilityGlobals) = postSolution
		SolutionGuid = {03362B82-7818-43E1-BDEA-7042AAAEABA5}
	EndGlobalSection
EndGlobal
